// !$*UTF8*$!
{
	archiveVersion = 1;
	classes = {
	};
	objectVersion = 56;
	objects = {

/* Begin PBXBuildFile section */
		9A27D02329A5880700E8F0B3 /* ClassSessionListDemo_AppDesignApp.swift in Sources */ = {isa = PBXBuildFile; fileRef = 9A27D02229A5880700E8F0B3 /* ClassSessionListDemo_AppDesignApp.swift */; };
		9A27D02529A5880700E8F0B3 /* ContentView.swift in Sources */ = {isa = PBXBuildFile; fileRef = 9A27D02429A5880700E8F0B3 /* ContentView.swift */; };
		9A27D02729A5880800E8F0B3 /* Assets.xcassets in Resources */ = {isa = PBXBuildFile; fileRef = 9A27D02629A5880800E8F0B3 /* Assets.xcassets */; };
		9A27D02A29A5880800E8F0B3 /* Preview Assets.xcassets in Resources */ = {isa = PBXBuildFile; fileRef = 9A27D02929A5880800E8F0B3 /* Preview Assets.xcassets */; };
		9A27D03429A5880800E8F0B3 /* ClassSessionListDemo_AppDesignTests.swift in Sources */ = {isa = PBXBuildFile; fileRef = 9A27D03329A5880800E8F0B3 /* ClassSessionListDemo_AppDesignTests.swift */; };
		9A27D03E29A5880800E8F0B3 /* ClassSessionListDemo_AppDesignUITests.swift in Sources */ = {isa = PBXBuildFile; fileRef = 9A27D03D29A5880800E8F0B3 /* ClassSessionListDemo_AppDesignUITests.swift */; };
		9A27D04029A5880800E8F0B3 /* ClassSessionListDemo_AppDesignUITestsLaunchTests.swift in Sources */ = {isa = PBXBuildFile; fileRef = 9A27D03F29A5880800E8F0B3 /* ClassSessionListDemo_AppDesignUITestsLaunchTests.swift */; };
/* End PBXBuildFile section */

/* Begin PBXContainerItemProxy section */
		9A27D03029A5880800E8F0B3 /* PBXContainerItemProxy */ = {
			isa = PBXContainerItemProxy;
			containerPortal = 9A27D01729A5880700E8F0B3 /* Project object */;
			proxyType = 1;
			remoteGlobalIDString = 9A27D01E29A5880700E8F0B3;
			remoteInfo = ClassSessionListDemo_AppDesign;
		};
		9A27D03A29A5880800E8F0B3 /* PBXContainerItemProxy */ = {
			isa = PBXContainerItemProxy;
			containerPortal = 9A27D01729A5880700E8F0B3 /* Project object */;
			proxyType = 1;
			remoteGlobalIDString = 9A27D01E29A5880700E8F0B3;
			remoteInfo = ClassSessionListDemo_AppDesign;
		};
/* End PBXContainerItemProxy section */

/* Begin PBXFileReference section */
		9A27D01F29A5880700E8F0B3 /* ClassSessionListDemo_AppDesign.app */ = {isa = PBXFileReference; explicitFileType = wrapper.application; includeInIndex = 0; path = ClassSessionListDemo_AppDesign.app; sourceTree = BUILT_PRODUCTS_DIR; };
		9A27D02229A5880700E8F0B3 /* ClassSessionListDemo_AppDesignApp.swift */ = {isa = PBXFileReference; lastKnownFileType = sourcecode.swift; path = ClassSessionListDemo_AppDesignApp.swift; sourceTree = "<group>"; };
		9A27D02429A5880700E8F0B3 /* ContentView.swift */ = {isa = PBXFileReference; lastKnownFileType = sourcecode.swift; path = ContentView.swift; sourceTree = "<group>"; };
		9A27D02629A5880800E8F0B3 /* Assets.xcassets */ = {isa = PBXFileReference; lastKnownFileType = folder.assetcatalog; path = Assets.xcassets; sourceTree = "<group>"; };
		9A27D02929A5880800E8F0B3 /* Preview Assets.xcassets */ = {isa = PBXFileReference; lastKnownFileType = folder.assetcatalog; path = "Preview Assets.xcassets"; sourceTree = "<group>"; };
		9A27D02F29A5880800E8F0B3 /* ClassSessionListDemo_AppDesignTests.xctest */ = {isa = PBXFileReference; explicitFileType = wrapper.cfbundle; includeInIndex = 0; path = ClassSessionListDemo_AppDesignTests.xctest; sourceTree = BUILT_PRODUCTS_DIR; };
		9A27D03329A5880800E8F0B3 /* ClassSessionListDemo_AppDesignTests.swift */ = {isa = PBXFileReference; lastKnownFileType = sourcecode.swift; path = ClassSessionListDemo_AppDesignTests.swift; sourceTree = "<group>"; };
		9A27D03929A5880800E8F0B3 /* ClassSessionListDemo_AppDesignUITests.xctest */ = {isa = PBXFileReference; explicitFileType = wrapper.cfbundle; includeInIndex = 0; path = ClassSessionListDemo_AppDesignUITests.xctest; sourceTree = BUILT_PRODUCTS_DIR; };
		9A27D03D29A5880800E8F0B3 /* ClassSessionListDemo_AppDesignUITests.swift */ = {isa = PBXFileReference; lastKnownFileType = sourcecode.swift; path = ClassSessionListDemo_AppDesignUITests.swift; sourceTree = "<group>"; };
		9A27D03F29A5880800E8F0B3 /* ClassSessionListDemo_AppDesignUITestsLaunchTests.swift */ = {isa = PBXFileReference; lastKnownFileType = sourcecode.swift; path = ClassSessionListDemo_AppDesignUITestsLaunchTests.swift; sourceTree = "<group>"; };
/* End PBXFileReference section */

/* Begin PBXFrameworksBuildPhase section */
		9A27D01C29A5880700E8F0B3 /* Frameworks */ = {
			isa = PBXFrameworksBuildPhase;
			buildActionMask = 2147483647;
			files = (
			);
			runOnlyForDeploymentPostprocessing = 0;
		};
		9A27D02C29A5880800E8F0B3 /* Frameworks */ = {
			isa = PBXFrameworksBuildPhase;
			buildActionMask = 2147483647;
			files = (
			);
			runOnlyForDeploymentPostprocessing = 0;
		};
		9A27D03629A5880800E8F0B3 /* Frameworks */ = {
			isa = PBXFrameworksBuildPhase;
			buildActionMask = 2147483647;
			files = (
			);
			runOnlyForDeploymentPostprocessing = 0;
		};
/* End PBXFrameworksBuildPhase section */

/* Begin PBXGroup section */
		9A27D01629A5880700E8F0B3 = {
			isa = PBXGroup;
			children = (
				9A27D02129A5880700E8F0B3 /* ClassSessionListDemo_AppDesign */,
				9A27D03229A5880800E8F0B3 /* ClassSessionListDemo_AppDesignTests */,
				9A27D03C29A5880800E8F0B3 /* ClassSessionListDemo_AppDesignUITests */,
				9A27D02029A5880700E8F0B3 /* Products */,
			);
			sourceTree = "<group>";
		};
		9A27D02029A5880700E8F0B3 /* Products */ = {
			isa = PBXGroup;
			children = (
				9A27D01F29A5880700E8F0B3 /* ClassSessionListDemo_AppDesign.app */,
				9A27D02F29A5880800E8F0B3 /* ClassSessionListDemo_AppDesignTests.xctest */,
				9A27D03929A5880800E8F0B3 /* ClassSessionListDemo_AppDesignUITests.xctest */,
			);
			name = Products;
			sourceTree = "<group>";
		};
		9A27D02129A5880700E8F0B3 /* ClassSessionListDemo_AppDesign */ = {
			isa = PBXGroup;
			children = (
				9A27D02229A5880700E8F0B3 /* ClassSessionListDemo_AppDesignApp.swift */,
				9A27D02429A5880700E8F0B3 /* ContentView.swift */,
				9A27D02629A5880800E8F0B3 /* Assets.xcassets */,
				9A27D02829A5880800E8F0B3 /* Preview Content */,
			);
			path = ClassSessionListDemo_AppDesign;
			sourceTree = "<group>";
		};
		9A27D02829A5880800E8F0B3 /* Preview Content */ = {
			isa = PBXGroup;
			children = (
				9A27D02929A5880800E8F0B3 /* Preview Assets.xcassets */,
			);
			path = "Preview Content";
			sourceTree = "<group>";
		};
		9A27D03229A5880800E8F0B3 /* ClassSessionListDemo_AppDesignTests */ = {
			isa = PBXGroup;
			children = (
				9A27D03329A5880800E8F0B3 /* ClassSessionListDemo_AppDesignTests.swift */,
			);
			path = ClassSessionListDemo_AppDesignTests;
			sourceTree = "<group>";
		};
		9A27D03C29A5880800E8F0B3 /* ClassSessionListDemo_AppDesignUITests */ = {
			isa = PBXGroup;
			children = (
				9A27D03D29A5880800E8F0B3 /* ClassSessionListDemo_AppDesignUITests.swift */,
				9A27D03F29A5880800E8F0B3 /* ClassSessionListDemo_AppDesignUITestsLaunchTests.swift */,
			);
			path = ClassSessionListDemo_AppDesignUITests;
			sourceTree = "<group>";
		};
/* End PBXGroup section */

/* Begin PBXNativeTarget section */
		9A27D01E29A5880700E8F0B3 /* ClassSessionListDemo_AppDesign */ = {
			isa = PBXNativeTarget;
			buildConfigurationList = 9A27D04329A5880800E8F0B3 /* Build configuration list for PBXNativeTarget "ClassSessionListDemo_AppDesign" */;
			buildPhases = (
				9A27D01B29A5880700E8F0B3 /* Sources */,
				9A27D01C29A5880700E8F0B3 /* Frameworks */,
				9A27D01D29A5880700E8F0B3 /* Resources */,
			);
			buildRules = (
			);
			dependencies = (
			);
			name = ClassSessionListDemo_AppDesign;
			productName = ClassSessionListDemo_AppDesign;
			productReference = 9A27D01F29A5880700E8F0B3 /* ClassSessionListDemo_AppDesign.app */;
			productType = "com.apple.product-type.application";
		};
		9A27D02E29A5880800E8F0B3 /* ClassSessionListDemo_AppDesignTests */ = {
			isa = PBXNativeTarget;
			buildConfigurationList = 9A27D04629A5880800E8F0B3 /* Build configuration list for PBXNativeTarget "ClassSessionListDemo_AppDesignTests" */;
			buildPhases = (
				9A27D02B29A5880800E8F0B3 /* Sources */,
				9A27D02C29A5880800E8F0B3 /* Frameworks */,
				9A27D02D29A5880800E8F0B3 /* Resources */,
			);
			buildRules = (
			);
			dependencies = (
				9A27D03129A5880800E8F0B3 /* PBXTargetDependency */,
			);
			name = ClassSessionListDemo_AppDesignTests;
			productName = ClassSessionListDemo_AppDesignTests;
			productReference = 9A27D02F29A5880800E8F0B3 /* ClassSessionListDemo_AppDesignTests.xctest */;
			productType = "com.apple.product-type.bundle.unit-test";
		};
		9A27D03829A5880800E8F0B3 /* ClassSessionListDemo_AppDesignUITests */ = {
			isa = PBXNativeTarget;
			buildConfigurationList = 9A27D04929A5880800E8F0B3 /* Build configuration list for PBXNativeTarget "ClassSessionListDemo_AppDesignUITests" */;
			buildPhases = (
				9A27D03529A5880800E8F0B3 /* Sources */,
				9A27D03629A5880800E8F0B3 /* Frameworks */,
				9A27D03729A5880800E8F0B3 /* Resources */,
			);
			buildRules = (
			);
			dependencies = (
				9A27D03B29A5880800E8F0B3 /* PBXTargetDependency */,
			);
			name = ClassSessionListDemo_AppDesignUITests;
			productName = ClassSessionListDemo_AppDesignUITests;
			productReference = 9A27D03929A5880800E8F0B3 /* ClassSessionListDemo_AppDesignUITests.xctest */;
			productType = "com.apple.product-type.bundle.ui-testing";
		};
/* End PBXNativeTarget section */

/* Begin PBXProject section */
		9A27D01729A5880700E8F0B3 /* Project object */ = {
			isa = PBXProject;
			attributes = {
				BuildIndependentTargetsInParallel = 1;
				LastSwiftUpdateCheck = 1420;
				LastUpgradeCheck = 1420;
				TargetAttributes = {
					9A27D01E29A5880700E8F0B3 = {
						CreatedOnToolsVersion = 14.2;
					};
					9A27D02E29A5880800E8F0B3 = {
						CreatedOnToolsVersion = 14.2;
						TestTargetID = 9A27D01E29A5880700E8F0B3;
					};
					9A27D03829A5880800E8F0B3 = {
						CreatedOnToolsVersion = 14.2;
						TestTargetID = 9A27D01E29A5880700E8F0B3;
					};
				};
			};
			buildConfigurationList = 9A27D01A29A5880700E8F0B3 /* Build configuration list for PBXProject "ClassSessionListDemo_AppDesign" */;
			compatibilityVersion = "Xcode 14.0";
			developmentRegion = en;
			hasScannedForEncodings = 0;
			knownRegions = (
				en,
				Base,
			);
			mainGroup = 9A27D01629A5880700E8F0B3;
			productRefGroup = 9A27D02029A5880700E8F0B3 /* Products */;
			projectDirPath = "";
			projectRoot = "";
			targets = (
				9A27D01E29A5880700E8F0B3 /* ClassSessionListDemo_AppDesign */,
				9A27D02E29A5880800E8F0B3 /* ClassSessionListDemo_AppDesignTests */,
				9A27D03829A5880800E8F0B3 /* ClassSessionListDemo_AppDesignUITests */,
			);
		};
/* End PBXProject section */

/* Begin PBXResourcesBuildPhase section */
		9A27D01D29A5880700E8F0B3 /* Resources */ = {
			isa = PBXResourcesBuildPhase;
			buildActionMask = 2147483647;
			files = (
				9A27D02A29A5880800E8F0B3 /* Preview Assets.xcassets in Resources */,
				9A27D02729A5880800E8F0B3 /* Assets.xcassets in Resources */,
			);
			runOnlyForDeploymentPostprocessing = 0;
		};
		9A27D02D29A5880800E8F0B3 /* Resources */ = {
			isa = PBXResourcesBuildPhase;
			buildActionMask = 2147483647;
			files = (
			);
			runOnlyForDeploymentPostprocessing = 0;
		};
		9A27D03729A5880800E8F0B3 /* Resources */ = {
			isa = PBXResourcesBuildPhase;
			buildActionMask = 2147483647;
			files = (
			);
			runOnlyForDeploymentPostprocessing = 0;
		};
/* End PBXResourcesBuildPhase section */

/* Begin PBXSourcesBuildPhase section */
		9A27D01B29A5880700E8F0B3 /* Sources */ = {
			isa = PBXSourcesBuildPhase;
			buildActionMask = 2147483647;
			files = (
				9A27D02529A5880700E8F0B3 /* ContentView.swift in Sources */,
				9A27D02329A5880700E8F0B3 /* ClassSessionListDemo_AppDesignApp.swift in Sources */,
			);
			runOnlyForDeploymentPostprocessing = 0;
		};
		9A27D02B29A5880800E8F0B3 /* Sources */ = {
			isa = PBXSourcesBuildPhase;
			buildActionMask = 2147483647;
			files = (
				9A27D03429A5880800E8F0B3 /* ClassSessionListDemo_AppDesignTests.swift in Sources */,
			);
			runOnlyForDeploymentPostprocessing = 0;
		};
		9A27D03529A5880800E8F0B3 /* Sources */ = {
			isa = PBXSourcesBuildPhase;
			buildActionMask = 2147483647;
			files = (
				9A27D03E29A5880800E8F0B3 /* ClassSessionListDemo_AppDesignUITests.swift in Sources */,
				9A27D04029A5880800E8F0B3 /* ClassSessionListDemo_AppDesignUITestsLaunchTests.swift in Sources */,
			);
			runOnlyForDeploymentPostprocessing = 0;
		};
/* End PBXSourcesBuildPhase section */

/* Begin PBXTargetDependency section */
		9A27D03129A5880800E8F0B3 /* PBXTargetDependency */ = {
			isa = PBXTargetDependency;
			target = 9A27D01E29A5880700E8F0B3 /* ClassSessionListDemo_AppDesign */;
			targetProxy = 9A27D03029A5880800E8F0B3 /* PBXContainerItemProxy */;
		};
		9A27D03B29A5880800E8F0B3 /* PBXTargetDependency */ = {
			isa = PBXTargetDependency;
			target = 9A27D01E29A5880700E8F0B3 /* ClassSessionListDemo_AppDesign */;
			targetProxy = 9A27D03A29A5880800E8F0B3 /* PBXContainerItemProxy */;
		};
/* End PBXTargetDependency section */

/* Begin XCBuildConfiguration section */
		9A27D04129A5880800E8F0B3 /* Debug */ = {
			isa = XCBuildConfiguration;
			buildSettings = {
				ALWAYS_SEARCH_USER_PATHS = NO;
				CLANG_ANALYZER_NONNULL = YES;
				CLANG_ANALYZER_NUMBER_OBJECT_CONVERSION = YES_AGGRESSIVE;
				CLANG_CXX_LANGUAGE_STANDARD = "gnu++20";
				CLANG_ENABLE_MODULES = YES;
				CLANG_ENABLE_OBJC_ARC = YES;
				CLANG_ENABLE_OBJC_WEAK = YES;
				CLANG_WARN_BLOCK_CAPTURE_AUTORELEASING = YES;
				CLANG_WARN_BOOL_CONVERSION = YES;
				CLANG_WARN_COMMA = YES;
				CLANG_WARN_CONSTANT_CONVERSION = YES;
				CLANG_WARN_DEPRECATED_OBJC_IMPLEMENTATIONS = YES;
				CLANG_WARN_DIRECT_OBJC_ISA_USAGE = YES_ERROR;
				CLANG_WARN_DOCUMENTATION_COMMENTS = YES;
				CLANG_WARN_EMPTY_BODY = YES;
				CLANG_WARN_ENUM_CONVERSION = YES;
				CLANG_WARN_INFINITE_RECURSION = YES;
				CLANG_WARN_INT_CONVERSION = YES;
				CLANG_WARN_NON_LITERAL_NULL_CONVERSION = YES;
				CLANG_WARN_OBJC_IMPLICIT_RETAIN_SELF = YES;
				CLANG_WARN_OBJC_LITERAL_CONVERSION = YES;
				CLANG_WARN_OBJC_ROOT_CLASS = YES_ERROR;
				CLANG_WARN_QUOTED_INCLUDE_IN_FRAMEWORK_HEADER = YES;
				CLANG_WARN_RANGE_LOOP_ANALYSIS = YES;
				CLANG_WARN_STRICT_PROTOTYPES = YES;
				CLANG_WARN_SUSPICIOUS_MOVE = YES;
				CLANG_WARN_UNGUARDED_AVAILABILITY = YES_AGGRESSIVE;
				CLANG_WARN_UNREACHABLE_CODE = YES;
				CLANG_WARN__DUPLICATE_METHOD_MATCH = YES;
				COPY_PHASE_STRIP = NO;
				DEBUG_INFORMATION_FORMAT = dwarf;
				ENABLE_STRICT_OBJC_MSGSEND = YES;
				ENABLE_TESTABILITY = YES;
				GCC_C_LANGUAGE_STANDARD = gnu11;
				GCC_DYNAMIC_NO_PIC = NO;
				GCC_NO_COMMON_BLOCKS = YES;
				GCC_OPTIMIZATION_LEVEL = 0;
				GCC_PREPROCESSOR_DEFINITIONS = (
					"DEBUG=1",
					"$(inherited)",
				);
				GCC_WARN_64_TO_32_BIT_CONVERSION = YES;
				GCC_WARN_ABOUT_RETURN_TYPE = YES_ERROR;
				GCC_WARN_UNDECLARED_SELECTOR = YES;
				GCC_WARN_UNINITIALIZED_AUTOS = YES_AGGRESSIVE;
				GCC_WARN_UNUSED_FUNCTION = YES;
				GCC_WARN_UNUSED_VARIABLE = YES;
				IPHONEOS_DEPLOYMENT_TARGET = 16.2;
				MTL_ENABLE_DEBUG_INFO = INCLUDE_SOURCE;
				MTL_FAST_MATH = YES;
				ONLY_ACTIVE_ARCH = YES;
				SDKROOT = iphoneos;
				SWIFT_ACTIVE_COMPILATION_CONDITIONS = DEBUG;
				SWIFT_OPTIMIZATION_LEVEL = "-Onone";
			};
			name = Debug;
		};
		9A27D04229A5880800E8F0B3 /* Release */ = {
			isa = XCBuildConfiguration;
			buildSettings = {
				ALWAYS_SEARCH_USER_PATHS = NO;
				CLANG_ANALYZER_NONNULL = YES;
				CLANG_ANALYZER_NUMBER_OBJECT_CONVERSION = YES_AGGRESSIVE;
				CLANG_CXX_LANGUAGE_STANDARD = "gnu++20";
				CLANG_ENABLE_MODULES = YES;
				CLANG_ENABLE_OBJC_ARC = YES;
				CLANG_ENABLE_OBJC_WEAK = YES;
				CLANG_WARN_BLOCK_CAPTURE_AUTORELEASING = YES;
				CLANG_WARN_BOOL_CONVERSION = YES;
				CLANG_WARN_COMMA = YES;
				CLANG_WARN_CONSTANT_CONVERSION = YES;
				CLANG_WARN_DEPRECATED_OBJC_IMPLEMENTATIONS = YES;
				CLANG_WARN_DIRECT_OBJC_ISA_USAGE = YES_ERROR;
				CLANG_WARN_DOCUMENTATION_COMMENTS = YES;
				CLANG_WARN_EMPTY_BODY = YES;
				CLANG_WARN_ENUM_CONVERSION = YES;
				CLANG_WARN_INFINITE_RECURSION = YES;
				CLANG_WARN_INT_CONVERSION = YES;
				CLANG_WARN_NON_LITERAL_NULL_CONVERSION = YES;
				CLANG_WARN_OBJC_IMPLICIT_RETAIN_SELF = YES;
				CLANG_WARN_OBJC_LITERAL_CONVERSION = YES;
				CLANG_WARN_OBJC_ROOT_CLASS = YES_ERROR;
				CLANG_WARN_QUOTED_INCLUDE_IN_FRAMEWORK_HEADER = YES;
				CLANG_WARN_RANGE_LOOP_ANALYSIS = YES;
				CLANG_WARN_STRICT_PROTOTYPES = YES;
				CLANG_WARN_SUSPICIOUS_MOVE = YES;
				CLANG_WARN_UNGUARDED_AVAILABILITY = YES_AGGRESSIVE;
				CLANG_WARN_UNREACHABLE_CODE = YES;
				CLANG_WARN__DUPLICATE_METHOD_MATCH = YES;
				COPY_PHASE_STRIP = NO;
				DEBUG_INFORMATION_FORMAT = "dwarf-with-dsym";
				ENABLE_NS_ASSERTIONS = NO;
				ENABLE_STRICT_OBJC_MSGSEND = YES;
				GCC_C_LANGUAGE_STANDARD = gnu11;
				GCC_NO_COMMON_BLOCKS = YES;
				GCC_WARN_64_TO_32_BIT_CONVERSION = YES;
				GCC_WARN_ABOUT_RETURN_TYPE = YES_ERROR;
				GCC_WARN_UNDECLARED_SELECTOR = YES;
				GCC_WARN_UNINITIALIZED_AUTOS = YES_AGGRESSIVE;
				GCC_WARN_UNUSED_FUNCTION = YES;
				GCC_WARN_UNUSED_VARIABLE = YES;
				IPHONEOS_DEPLOYMENT_TARGET = 16.2;
				MTL_ENABLE_DEBUG_INFO = NO;
				MTL_FAST_MATH = YES;
				SDKROOT = iphoneos;
				SWIFT_COMPILATION_MODE = wholemodule;
				SWIFT_OPTIMIZATION_LEVEL = "-O";
				VALIDATE_PRODUCT = YES;
			};
			name = Release;
		};
		9A27D04429A5880800E8F0B3 /* Debug */ = {
			isa = XCBuildConfiguration;
			buildSettings = {
				ASSETCATALOG_COMPILER_APPICON_NAME = AppIcon;
				ASSETCATALOG_COMPILER_GLOBAL_ACCENT_COLOR_NAME = AccentColor;
				CODE_SIGN_STYLE = Automatic;
				CURRENT_PROJECT_VERSION = 1;
				DEVELOPMENT_ASSET_PATHS = "\"ClassSessionListDemo_AppDesign/Preview Content\"";
				DEVELOPMENT_TEAM = 3373MRKNX5;
				ENABLE_PREVIEWS = YES;
				GENERATE_INFOPLIST_FILE = YES;
				INFOPLIST_KEY_UIApplicationSceneManifest_Generation = YES;
				INFOPLIST_KEY_UIApplicationSupportsIndirectInputEvents = YES;
				INFOPLIST_KEY_UILaunchScreen_Generation = YES;
				INFOPLIST_KEY_UISupportedInterfaceOrientations_iPad = "UIInterfaceOrientationPortrait UIInterfaceOrientationPortraitUpsideDown UIInterfaceOrientationLandscapeLeft UIInterfaceOrientationLandscapeRight";
				INFOPLIST_KEY_UISupportedInterfaceOrientations_iPhone = "UIInterfaceOrientationPortrait UIInterfaceOrientationLandscapeLeft UIInterfaceOrientationLandscapeRight";
				LD_RUNPATH_SEARCH_PATHS = (
					"$(inherited)",
					"@executable_path/Frameworks",
				);
				MARKETING_VERSION = 1.0;
				PRODUCT_BUNDLE_IDENTIFIER = "com.ameya.mastswui.ClassSessionListDemo-AppDesign";
				PRODUCT_NAME = "$(TARGET_NAME)";
				SWIFT_EMIT_LOC_STRINGS = YES;
				SWIFT_VERSION = 5.0;
				TARGETED_DEVICE_FAMILY = "1,2";
			};
			name = Debug;
		};
		9A27D04529A5880800E8F0B3 /* Release */ = {
			isa = XCBuildConfiguration;
			buildSettings = {
				ASSETCATALOG_COMPILER_APPICON_NAME = AppIcon;
				ASSETCATALOG_COMPILER_GLOBAL_ACCENT_COLOR_NAME = AccentColor;
				CODE_SIGN_STYLE = Automatic;
				CURRENT_PROJECT_VERSION = 1;
				DEVELOPMENT_ASSET_PATHS = "\"ClassSessionListDemo_AppDesign/Preview Content\"";
				DEVELOPMENT_TEAM = 3373MRKNX5;
				ENABLE_PREVIEWS = YES;
				GENERATE_INFOPLIST_FILE = YES;
				INFOPLIST_KEY_UIApplicationSceneManifest_Generation = YES;
				INFOPLIST_KEY_UIApplicationSupportsIndirectInputEvents = YES;
				INFOPLIST_KEY_UILaunchScreen_Generation = YES;
				INFOPLIST_KEY_UISupportedInterfaceOrientations_iPad = "UIInterfaceOrientationPortrait UIInterfaceOrientationPortraitUpsideDown UIInterfaceOrientationLandscapeLeft UIInterfaceOrientationLandscapeRight";
				INFOPLIST_KEY_UISupportedInterfaceOrientations_iPhone = "UIInterfaceOrientationPortrait UIInterfaceOrientationLandscapeLeft UIInterfaceOrientationLandscapeRight";
				LD_RUNPATH_SEARCH_PATHS = (
					"$(inherited)",
					"@executable_path/Frameworks",
				);
				MARKETING_VERSION = 1.0;
				PRODUCT_BUNDLE_IDENTIFIER = "com.ameya.mastswui.ClassSessionListDemo-AppDesign";
				PRODUCT_NAME = "$(TARGET_NAME)";
				SWIFT_EMIT_LOC_STRINGS = YES;
				SWIFT_VERSION = 5.0;
				TARGETED_DEVICE_FAMILY = "1,2";
			};
			name = Release;
		};
		9A27D04729A5880800E8F0B3 /* Debug */ = {
			isa = XCBuildConfiguration;
			buildSettings = {
				ALWAYS_EMBED_SWIFT_STANDARD_LIBRARIES = YES;
				BUNDLE_LOADER = "$(TEST_HOST)";
				CODE_SIGN_STYLE = Automatic;
				CURRENT_PROJECT_VERSION = 1;
				DEVELOPMENT_TEAM = 3373MRKNX5;
				GENERATE_INFOPLIST_FILE = YES;
				IPHONEOS_DEPLOYMENT_TARGET = 16.2;
				MARKETING_VERSION = 1.0;
				PRODUCT_BUNDLE_IDENTIFIER = "com.ameya.mastswui.ClassSessionListDemo-AppDesignTests";
				PRODUCT_NAME = "$(TARGET_NAME)";
				SWIFT_EMIT_LOC_STRINGS = NO;
				SWIFT_VERSION = 5.0;
				TARGETED_DEVICE_FAMILY = "1,2";
				TEST_HOST = "$(BUILT_PRODUCTS_DIR)/ClassSessionListDemo_AppDesign.app/$(BUNDLE_EXECUTABLE_FOLDER_PATH)/ClassSessionListDemo_AppDesign";
			};
			name = Debug;
		};
		9A27D04829A5880800E8F0B3 /* Release */ = {
			isa = XCBuildConfiguration;
			buildSettings = {
				ALWAYS_EMBED_SWIFT_STANDARD_LIBRARIES = YES;
				BUNDLE_LOADER = "$(TEST_HOST)";
				CODE_SIGN_STYLE = Automatic;
				CURRENT_PROJECT_VERSION = 1;
				DEVELOPMENT_TEAM = 3373MRKNX5;
				GENERATE_INFOPLIST_FILE = YES;
				IPHONEOS_DEPLOYMENT_TARGET = 16.2;
				MARKETING_VERSION = 1.0;
				PRODUCT_BUNDLE_IDENTIFIER = "com.ameya.mastswui.ClassSessionListDemo-AppDesignTests";
				PRODUCT_NAME = "$(TARGET_NAME)";
				SWIFT_EMIT_LOC_STRINGS = NO;
				SWIFT_VERSION = 5.0;
				TARGETED_DEVICE_FAMILY = "1,2";
				TEST_HOST = "$(BUILT_PRODUCTS_DIR)/ClassSessionListDemo_AppDesign.app/$(BUNDLE_EXECUTABLE_FOLDER_PATH)/ClassSessionListDemo_AppDesign";
			};
			name = Release;
		};
		9A27D04A29A5880800E8F0B3 /* Debug */ = {
			isa = XCBuildConfiguration;
			buildSettings = {
				ALWAYS_EMBED_SWIFT_STANDARD_LIBRARIES = YES;
				CODE_SIGN_STYLE = Automatic;
				CURRENT_PROJECT_VERSION = 1;
				DEVELOPMENT_TEAM = 3373MRKNX5;
				GENERATE_INFOPLIST_FILE = YES;
				MARKETING_VERSION = 1.0;
				PRODUCT_BUNDLE_IDENTIFIER = "com.ameya.mastswui.ClassSessionListDemo-AppDesignUITests";
				PRODUCT_NAME = "$(TARGET_NAME)";
				SWIFT_EMIT_LOC_STRINGS = NO;
				SWIFT_VERSION = 5.0;
				TARGETED_DEVICE_FAMILY = "1,2";
				TEST_TARGET_NAME = ClassSessionListDemo_AppDesign;
			};
			name = Debug;
		};
		9A27D04B29A5880800E8F0B3 /* Release */ = {
			isa = XCBuildConfiguration;
			buildSettings = {
				ALWAYS_EMBED_SWIFT_STANDARD_LIBRARIES = YES;
				CODE_SIGN_STYLE = Automatic;
				CURRENT_PROJECT_VERSION = 1;
				DEVELOPMENT_TEAM = 3373MRKNX5;
				GENERATE_INFOPLIST_FILE = YES;
				MARKETING_VERSION = 1.0;
				PRODUCT_BUNDLE_IDENTIFIER = "com.ameya.mastswui.ClassSessionListDemo-AppDesignUITests";
				PRODUCT_NAME = "$(TARGET_NAME)";
				SWIFT_EMIT_LOC_STRINGS = NO;
				SWIFT_VERSION = 5.0;
				TARGETED_DEVICE_FAMILY = "1,2";
				TEST_TARGET_NAME = ClassSessionListDemo_AppDesign;
			};
			name = Release;
		};
/* End XCBuildConfiguration section */

/* Begin XCConfigurationList section */
		9A27D01A29A5880700E8F0B3 /* Build configuration list for PBXProject "ClassSessionListDemo_AppDesign" */ = {
			isa = XCConfigurationList;
			buildConfigurations = (
				9A27D04129A5880800E8F0B3 /* Debug */,
				9A27D04229A5880800E8F0B3 /* Release */,
			);
			defaultConfigurationIsVisible = 0;
			defaultConfigurationName = Release;
		};
		9A27D04329A5880800E8F0B3 /* Build configuration list for PBXNativeTarget "ClassSessionListDemo_AppDesign" */ = {
			isa = XCConfigurationList;
			buildConfigurations = (
				9A27D04429A5880800E8F0B3 /* Debug */,
				9A27D04529A5880800E8F0B3 /* Release */,
			);
			defaultConfigurationIsVisible = 0;
			defaultConfigurationName = Release;
		};
		9A27D04629A5880800E8F0B3 /* Build configuration list for PBXNativeTarget "ClassSessionListDemo_AppDesignTests" */ = {
			isa = XCConfigurationList;
			buildConfigurations = (
				9A27D04729A5880800E8F0B3 /* Debug */,
				9A27D04829A5880800E8F0B3 /* Release */,
			);
			defaultConfigurationIsVisible = 0;
			defaultConfigurationName = Release;
		};
		9A27D04929A5880800E8F0B3 /* Build configuration list for PBXNativeTarget "ClassSessionListDemo_AppDesignUITests" */ = {
			isa = XCConfigurationList;
			buildConfigurations = (
				9A27D04A29A5880800E8F0B3 /* Debug */,
				9A27D04B29A5880800E8F0B3 /* Release */,
			);
			defaultConfigurationIsVisible = 0;
			defaultConfigurationName = Release;
		};
/* End XCConfigurationList section */
	};
	rootObject = 9A27D01729A5880700E8F0B3 /* Project object */;
}
